# This file is automatically @generated by Cargo.
# It is not intended for manual editing.
version = 4

[[package]]
name = "arrayvec"
version = "0.7.6"
source = "registry+https://github.com/rust-lang/crates.io-index"
checksum = "7c02d123df017efcdfbd739ef81735b36c5ba83ec3c59c80a9d7ecc718f92e50"

[[package]]
name = "healpix"
version = "0.1.0"
dependencies = [
 "arrayvec",
 "triomphe",
]

[[package]]
name = "triomphe"
version = "0.1.14"
source = "registry+https://github.com/rust-lang/crates.io-index"
checksum = "ef8f7726da4807b58ea5c96fdc122f80702030edc33b35aff9190a51148ccc85"
